{
  "name": "moldtank",
  "version": "1.0.0",
  "lockfileVersion": 3,
  "requires": true,
  "packages": {
    "": {
      "name": "moldtank",
      "version": "1.0.0",
      "hasInstallScript": true,
      "devDependencies": {
        "@supabase/supabase-js": "^2.93.3",
        "postgres": "^3.4.8",
        "typescript": "^5.3.3"
      }
    },
    "apps/api": {
      "name": "@moldtank/api",
      "version": "1.0.0",
      "extraneous": true,
      "dependencies": {
        "@hono/node-server": "^1.8.0",
        "@hono/zod-validator": "^0.2.0",
        "@moldtank/database": "*",
        "@moldtank/types": "*",
        "crypto-js": "^4.2.0",
        "drizzle-orm": "^0.29.3",
        "ethers": "^6.11.1",
        "hono": "^4.0.8",
        "jsonwebtoken": "^9.0.2",
        "nanoid": "^5.0.5",
        "postgres": "^3.4.3",
        "slugify": "^1.6.6",
        "zod": "^3.22.4"
      },
      "devDependencies": {
        "@types/crypto-js": "^4.2.2",
        "@types/jsonwebtoken": "^9.0.5",
        "@types/node": "^20.11.17",
        "tsx": "^4.7.1",
        "typescript": "^5.3.3"
      }
    },
    "apps/web": {
      "name": "@moldtank/web",
      "version": "1.0.0",
      "extraneous": true,
      "dependencies": {
        "@rainbow-me/rainbowkit": "^2.0.1",
        "@tanstack/react-query": "^5.18.1",
        "clsx": "^2.1.0",
        "crypto-js": "^4.2.0",
        "date-fns": "^3.3.1",
        "drizzle-orm": "^0.29.3",
        "ethers": "^6.11.1",
        "framer-motion": "^11.0.3",
        "jsonwebtoken": "^9.0.2",
        "lucide-react": "^0.323.0",
        "nanoid": "^5.0.5",
        "next": "14.1.0",
        "postgres": "^3.4.3",
        "react": "^18.2.0",
        "react-dom": "^18.2.0",
        "react-markdown": "^9.0.1",
        "react-syntax-highlighter": "^15.5.0",
        "slugify": "^1.6.6",
        "sonner": "^1.4.0",
        "tailwind-merge": "^2.2.1",
        "viem": "^2.7.8",
        "wagmi": "^2.5.7",
        "zod": "^3.22.4",
        "zustand": "^4.5.0"
      },
      "devDependencies": {
        "@types/crypto-js": "^4.2.2",
        "@types/jsonwebtoken": "^9.0.5",
        "@types/node": "^20.11.17",
        "@types/react": "^18.2.55",
        "@types/react-dom": "^18.2.19",
        "@types/react-syntax-highlighter": "^15.5.11",
        "autoprefixer": "^10.4.17",
        "postcss": "^8.4.35",
        "tailwindcss": "^3.4.1",
        "typescript": "^5.3.3"
      }
    },
    "node_modules/@supabase/auth-js": {
      "version": "2.93.3",
      "resolved": "https://registry.npmjs.org/@supabase/auth-js/-/auth-js-2.93.3.tgz",
      "integrity": "sha512-JdnkHZPKexVGSNONtu89RHU4bxz3X9kxx+f5ZnR5osoCIX+vs/MckwWRPZEybAEvlJXt5xjomDb3IB876QCxWQ==",
      "dev": true,
      "license": "MIT",
      "dependencies": {
        "tslib": "2.8.1"
      },
      "engines": {
        "node": ">=20.0.0"
      }
    },
    "node_modules/@supabase/functions-js": {
      "version": "2.93.3",
      "resolved": "https://registry.npmjs.org/@supabase/functions-js/-/functions-js-2.93.3.tgz",
      "integrity": "sha512-qWO0gHNDm/5jRjROv/nv9L6sYabCWS1kzorOLUv3kqCwRvEJLYZga93ppJPrZwOgoZfXmJzvpjY8fODA4HQfBw==",
      "dev": true,
      "license": "MIT",
      "dependencies": {
        "tslib": "2.8.1"
      },
      "engines": {
        "node": ">=20.0.0"
      }
    },
    "node_modules/@supabase/postgrest-js": {
      "version": "2.93.3",
      "resolved": "https://registry.npmjs.org/@supabase/postgrest-js/-/postgrest-js-2.93.3.tgz",
      "integrity": "sha512-+iJ96g94skO2e4clsRSmEXg22NUOjh9BziapsJSAvnB1grOBf/BA8vGtCHjNOA+Z6lvKXL1jwBqcL9+fS1W/Lg==",
      "dev": true,
      "license": "MIT",
      "dependencies": {
        "tslib": "2.8.1"
      },
      "engines": {
        "node": ">=20.0.0"
      }
    },
    "node_modules/@supabase/realtime-js": {
      "version": "2.93.3",
      "resolved": "https://registry.npmjs.org/@supabase/realtime-js/-/realtime-js-2.93.3.tgz",
      "integrity": "sha512-gnYpcFzwy8IkezRP4CDbT5I8jOsiOjrWrqTY1B+7jIriXsnpifmlM6RRjLBm9oD7OwPG0/WksniGPdKW67sXOA==",
      "dev": true,
      "license": "MIT",
      "dependencies": {
        "@types/phoenix": "^1.6.6",
        "@types/ws": "^8.18.1",
        "tslib": "2.8.1",
        "ws": "^8.18.2"
      },
      "engines": {
        "node": ">=20.0.0"
      }
    },
    "node_modules/@supabase/storage-js": {
      "version": "2.93.3",
      "resolved": "https://registry.npmjs.org/@supabase/storage-js/-/storage-js-2.93.3.tgz",
      "integrity": "sha512-cw4qXiLrx3apglDM02Tx/w/stvFlrkKocC6vCvuFAz3JtVEl1zH8MUfDQDTH59kJAQVaVdbewrMWSoBob7REnA==",
      "dev": true,
      "license": "MIT",
      "dependencies": {
        "iceberg-js": "^0.8.1",
        "tslib": "2.8.1"
      },
      "engines": {
        "node": ">=20.0.0"
      }
    },
    "node_modules/@supabase/supabase-js": {
      "version": "2.93.3",
      "resolved": "https://registry.npmjs.org/@supabase/supabase-js/-/supabase-js-2.93.3.tgz",
      "integrity": "sha512-paUqEqdBI9ztr/4bbMoCgeJ6M8ZTm2fpfjSOlzarPuzYveKFM20ZfDZqUpi9CFfYagYj5Iv3m3ztUjaI9/tM1w==",
      "dev": true,
      "license": "MIT",
      "dependencies": {
        "@supabase/auth-js": "2.93.3",
        "@supabase/functions-js": "2.93.3",
        "@supabase/postgrest-js": "2.93.3",
        "@supabase/realtime-js": "2.93.3",
        "@supabase/storage-js": "2.93.3"
      },
      "engines": {
        "node": ">=20.0.0"
      }
    },
    "node_modules/@types/node": {
      "version": "25.1.0",
      "resolved": "https://registry.npmjs.org/@types/node/-/node-25.1.0.tgz",
      "integrity": "sha512-t7frlewr6+cbx+9Ohpl0NOTKXZNV9xHRmNOvql47BFJKcEG1CxtxlPEEe+gR9uhVWM4DwhnvTF110mIL4yP9RA==",
      "dev": true,
      "license": "MIT",
      "dependencies": {
        "undici-types": "~7.16.0"
      }
    },
    "node_modules/@types/node/node_modules/undici-types": {
      "version": "7.16.0",
      "resolved": "https://registry.npmjs.org/undici-types/-/undici-types-7.16.0.tgz",
      "integrity": "sha512-Zz+aZWSj8LE6zoxD+xrjh4VfkIG8Ya6LvYkZqtUQGJPZjYl53ypCaUwWqo7eI0x66KBGeRo+mlBEkMSeSZ38Nw==",
      "dev": true,
      "license": "MIT"
    },
    "node_modules/@types/phoenix": {
      "version": "1.6.7",
      "resolved": "https://registry.npmjs.org/@types/phoenix/-/phoenix-1.6.7.tgz",
      "integrity": "sha512-oN9ive//QSBkf19rfDv45M7eZPi0eEXylht2OLEXicu5b4KoQ1OzXIw+xDSGWxSxe1JmepRR/ZH283vsu518/Q==",
      "dev": true,
      "license": "MIT"
    },
    "node_modules/@types/ws": {
      "version": "8.18.1",
      "resolved": "https://registry.npmjs.org/@types/ws/-/ws-8.18.1.tgz",
      "integrity": "sha512-ThVF6DCVhA8kUGy+aazFQ4kXQ7E1Ty7A3ypFOe0IcJV8O/M511G99AW24irKrW56Wt44yG9+ij8FaqoBGkuBXg==",
      "dev": true,
      "license": "MIT",
      "dependencies": {
        "@types/node": "*"
      }
    },
    "node_modules/iceberg-js": {
      "version": "0.8.1",
      "resolved": "https://registry.npmjs.org/iceberg-js/-/iceberg-js-0.8.1.tgz",
      "integrity": "sha512-1dhVQZXhcHje7798IVM+xoo/1ZdVfzOMIc8/rgVSijRK38EDqOJoGula9N/8ZI5RD8QTxNQtK/Gozpr+qUqRRA==",
      "dev": true,
      "license": "MIT",
      "engines": {
        "node": ">=20.0.0"
      }
    },
    "node_modules/postgres": {
      "version": "3.4.8",
      "resolved": "https://registry.npmjs.org/postgres/-/postgres-3.4.8.tgz",
      "integrity": "sha512-d+JFcLM17njZaOLkv6SCev7uoLaBtfK86vMUXhW1Z4glPWh4jozno9APvW/XKFJ3CCxVoC7OL38BqRydtu5nGg==",
      "dev": true,
      "license": "Unlicense",
      "engines": {
        "node": ">=12"
      },
      "funding": {
        "type": "individual",
        "url": "https://github.com/sponsors/porsager"
      }
    },
    "node_modules/tslib": {
      "version": "2.8.1",
      "resolved": "https://registry.npmjs.org/tslib/-/tslib-2.8.1.tgz",
      "integrity": "sha512-oJFu94HQb+KVduSUQL7wnpmqnfmLsOA/nAh6b6EH0wCEoK0/mPeXU6c3wKDV83MkOuHPRHtSXKKU99IBazS/2w==",
      "dev": true,
      "license": "0BSD"
    },
    "node_modules/typescript": {
      "version": "5.9.3",
      "resolved": "https://registry.npmjs.org/typescript/-/typescript-5.9.3.tgz",
      "integrity": "sha512-jl1vZzPDinLr9eUt3J/t7V6FgNEw9QjvBPdysz9KfQDD41fQrC2Y4vKQdiaUpFT4bXlb1RHhLpp8wtm6M5TgSw==",
      "dev": true,
      "license": "Apache-2.0",
      "bin": {
        "tsc": "bin/tsc",
        "tsserver": "bin/tsserver"
      },
      "engines": {
        "node": ">=14.17"
      }
    },
    "node_modules/ws": {
      "version": "8.19.0",
      "resolved": "https://registry.npmjs.org/ws/-/ws-8.19.0.tgz",
      "integrity": "sha512-blAT2mjOEIi0ZzruJfIhb3nps74PRWTCz1IjglWEEpQl5XS/UNama6u2/rjFkDDouqr4L67ry+1aGIALViWjDg==",
      "dev": true,
      "license": "MIT",
      "engines": {
        "node": ">=10.0.0"
      },
      "peerDependencies": {
        "bufferutil": "^4.0.1",
        "utf-8-validate": ">=5.0.2"
      },
      "peerDependenciesMeta": {
        "bufferutil": {
          "optional": true
        },
        "utf-8-validate": {
          "optional": true
        }
      }
    },
    "packages/database": {
      "name": "@moldtank/database",
      "version": "1.0.0",
      "extraneous": true,
      "dependencies": {
        "@moldtank/types": "*",
        "@supabase/supabase-js": "^2.45.0",
        "drizzle-orm": "^0.45.1",
        "postgres": "^3.4.8"
      },
      "devDependencies": {
        "drizzle-kit": "^0.31.8",
        "typescript": "^5.3.3"
      }
    },
    "packages/types": {
      "name": "@moldtank/types",
      "version": "1.0.0",
      "extraneous": true,
      "devDependencies": {
        "typescript": "^5.3.3"
      }
    }
  }
}
